Microsoft Visual Studio Solution File, Format Version 10.00
# Visual C# Express 2008
Project("{FAE04EC0-301F-11D3-BF4B-00C04F79EFBC}") = "Chapter3SubdivisionSphere1", "Examples\Chapter3\SubdivisionSphere1\Chapter3SubdivisionSphere1.csproj", "{2665F0CA-8D86-4486-916C-2E49799C244B}"
	ProjectSection(ProjectDependencies) = postProject
		{51502B9C-1A97-4F2C-8541-7D9D61ED6C6D} = {51502B9C-1A97-4F2C-8541-7D9D61ED6C6D}
	EndProjectSection
EndProject
Project("{FAE04EC0-301F-11D3-BF4B-00C04F79EFBC}") = "MiniGlobe.Renderer", "Renderer\MiniGlobe.Renderer.csproj", "{E735AB3A-EB92-4C51-814E-E5E1F2173AA4}"
EndProject
Project("{FAE04EC0-301F-11D3-BF4B-00C04F79EFBC}") = "MiniGlobe.Tests", "Tests\MiniGlobe.Tests.csproj", "{2B3E6147-B17C-4C96-B710-5257620CE911}"
	ProjectSection(ProjectDependencies) = postProject
		{E735AB3A-EB92-4C51-814E-E5E1F2173AA4} = {E735AB3A-EB92-4C51-814E-E5E1F2173AA4}
		{51502B9C-1A97-4F2C-8541-7D9D61ED6C6D} = {51502B9C-1A97-4F2C-8541-7D9D61ED6C6D}
	EndProjectSection
EndProject
Project("{FAE04EC0-301F-11D3-BF4B-00C04F79EFBC}") = "MiniGlobe.Core", "Core\MiniGlobe.Core.csproj", "{51502B9C-1A97-4F2C-8541-7D9D61ED6C6D}"
EndProject
Project("{FAE04EC0-301F-11D3-BF4B-00C04F79EFBC}") = "Chapter3SubdivisionSphere2", "Examples\Chapter3\SubdivisionSphere2\Chapter3SubdivisionSphere2.csproj", "{72B5E11E-40F4-4881-9706-75DD864BF45E}"
EndProject
Project("{FAE04EC0-301F-11D3-BF4B-00C04F79EFBC}") = "MiniGlobe.Scene", "Scene\MiniGlobe.Scene.csproj", "{71ABD41E-1545-45DF-B016-58E89111A4F3}"
EndProject
Project("{FAE04EC0-301F-11D3-BF4B-00C04F79EFBC}") = "Chapter3SubdivisionEllipsoid", "Examples\Chapter3\SubdivisionEllipsoid\Chapter3SubdivisionEllipsoid.csproj", "{D26223CF-C385-45BE-A9E5-7977D4F0C004}"
EndProject
Project("{FAE04EC0-301F-11D3-BF4B-00C04F79EFBC}") = "Chapter3RayCasting", "Examples\Chapter3\RayCasting\Chapter3RayCasting.csproj", "{2ABF9F7F-B818-44DC-9237-C1D1DC22ADE7}"
EndProject
Project("{FAE04EC0-301F-11D3-BF4B-00C04F79EFBC}") = "Chapter3LatitudeLongitudeGrid", "Examples\Chapter3\LatitudeLongitudeGrid\Chapter3LatitudeLongitudeGrid.csproj", "{89A86599-4C34-4016-BD0B-23AA6511EB03}"
EndProject
Project("{FAE04EC0-301F-11D3-BF4B-00C04F79EFBC}") = "Chapter3NightLights", "Examples\Chapter3\NightLights\Chapter3NightLights.csproj", "{C084FBCF-6C79-47DD-9440-A829F3D534FB}"
EndProject
Project("{FAE04EC0-301F-11D3-BF4B-00C04F79EFBC}") = "Chapter7Billboards", "Examples\Chapter7\Billboards\Chapter7Billboards.csproj", "{8A2D80D7-C920-4110-99C1-13AF45FF87E4}"
EndProject
Global
	GlobalSection(SolutionConfigurationPlatforms) = preSolution
		Debug|Any CPU = Debug|Any CPU
		Release|Any CPU = Release|Any CPU
	EndGlobalSection
	GlobalSection(ProjectConfigurationPlatforms) = postSolution
		{2665F0CA-8D86-4486-916C-2E49799C244B}.Debug|Any CPU.ActiveCfg = Debug|Any CPU
		{2665F0CA-8D86-4486-916C-2E49799C244B}.Debug|Any CPU.Build.0 = Debug|Any CPU
		{2665F0CA-8D86-4486-916C-2E49799C244B}.Release|Any CPU.ActiveCfg = Release|Any CPU
		{2665F0CA-8D86-4486-916C-2E49799C244B}.Release|Any CPU.Build.0 = Release|Any CPU
		{E735AB3A-EB92-4C51-814E-E5E1F2173AA4}.Debug|Any CPU.ActiveCfg = Debug|Any CPU
		{E735AB3A-EB92-4C51-814E-E5E1F2173AA4}.Debug|Any CPU.Build.0 = Debug|Any CPU
		{E735AB3A-EB92-4C51-814E-E5E1F2173AA4}.Release|Any CPU.ActiveCfg = Release|Any CPU
		{E735AB3A-EB92-4C51-814E-E5E1F2173AA4}.Release|Any CPU.Build.0 = Release|Any CPU
		{2B3E6147-B17C-4C96-B710-5257620CE911}.Debug|Any CPU.ActiveCfg = Debug|Any CPU
		{2B3E6147-B17C-4C96-B710-5257620CE911}.Debug|Any CPU.Build.0 = Debug|Any CPU
		{2B3E6147-B17C-4C96-B710-5257620CE911}.Release|Any CPU.ActiveCfg = Release|Any CPU
		{2B3E6147-B17C-4C96-B710-5257620CE911}.Release|Any CPU.Build.0 = Release|Any CPU
		{51502B9C-1A97-4F2C-8541-7D9D61ED6C6D}.Debug|Any CPU.ActiveCfg = Debug|Any CPU
		{51502B9C-1A97-4F2C-8541-7D9D61ED6C6D}.Debug|Any CPU.Build.0 = Debug|Any CPU
		{51502B9C-1A97-4F2C-8541-7D9D61ED6C6D}.Release|Any CPU.ActiveCfg = Release|Any CPU
		{51502B9C-1A97-4F2C-8541-7D9D61ED6C6D}.Release|Any CPU.Build.0 = Release|Any CPU
		{72B5E11E-40F4-4881-9706-75DD864BF45E}.Debug|Any CPU.ActiveCfg = Debug|Any CPU
		{72B5E11E-40F4-4881-9706-75DD864BF45E}.Debug|Any CPU.Build.0 = Debug|Any CPU
		{72B5E11E-40F4-4881-9706-75DD864BF45E}.Release|Any CPU.ActiveCfg = Release|Any CPU
		{72B5E11E-40F4-4881-9706-75DD864BF45E}.Release|Any CPU.Build.0 = Release|Any CPU
		{71ABD41E-1545-45DF-B016-58E89111A4F3}.Debug|Any CPU.ActiveCfg = Debug|Any CPU
		{71ABD41E-1545-45DF-B016-58E89111A4F3}.Debug|Any CPU.Build.0 = Debug|Any CPU
		{71ABD41E-1545-45DF-B016-58E89111A4F3}.Release|Any CPU.ActiveCfg = Release|Any CPU
		{71ABD41E-1545-45DF-B016-58E89111A4F3}.Release|Any CPU.Build.0 = Release|Any CPU
		{D26223CF-C385-45BE-A9E5-7977D4F0C004}.Debug|Any CPU.ActiveCfg = Debug|Any CPU
		{D26223CF-C385-45BE-A9E5-7977D4F0C004}.Debug|Any CPU.Build.0 = Debug|Any CPU
		{D26223CF-C385-45BE-A9E5-7977D4F0C004}.Release|Any CPU.ActiveCfg = Release|Any CPU
		{D26223CF-C385-45BE-A9E5-7977D4F0C004}.Release|Any CPU.Build.0 = Release|Any CPU
		{2ABF9F7F-B818-44DC-9237-C1D1DC22ADE7}.Debug|Any CPU.ActiveCfg = Debug|Any CPU
		{2ABF9F7F-B818-44DC-9237-C1D1DC22ADE7}.Debug|Any CPU.Build.0 = Debug|Any CPU
		{2ABF9F7F-B818-44DC-9237-C1D1DC22ADE7}.Release|Any CPU.ActiveCfg = Release|Any CPU
		{2ABF9F7F-B818-44DC-9237-C1D1DC22ADE7}.Release|Any CPU.Build.0 = Release|Any CPU
		{89A86599-4C34-4016-BD0B-23AA6511EB03}.Debug|Any CPU.ActiveCfg = Debug|Any CPU
		{89A86599-4C34-4016-BD0B-23AA6511EB03}.Debug|Any CPU.Build.0 = Debug|Any CPU
		{89A86599-4C34-4016-BD0B-23AA6511EB03}.Release|Any CPU.ActiveCfg = Release|Any CPU
		{89A86599-4C34-4016-BD0B-23AA6511EB03}.Release|Any CPU.Build.0 = Release|Any CPU
		{C084FBCF-6C79-47DD-9440-A829F3D534FB}.Debug|Any CPU.ActiveCfg = Debug|Any CPU
		{C084FBCF-6C79-47DD-9440-A829F3D534FB}.Debug|Any CPU.Build.0 = Debug|Any CPU
		{C084FBCF-6C79-47DD-9440-A829F3D534FB}.Release|Any CPU.ActiveCfg = Release|Any CPU
		{C084FBCF-6C79-47DD-9440-A829F3D534FB}.Release|Any CPU.Build.0 = Release|Any CPU
		{8A2D80D7-C920-4110-99C1-13AF45FF87E4}.Debug|Any CPU.ActiveCfg = Debug|Any CPU
		{8A2D80D7-C920-4110-99C1-13AF45FF87E4}.Debug|Any CPU.Build.0 = Debug|Any CPU
		{8A2D80D7-C920-4110-99C1-13AF45FF87E4}.Release|Any CPU.ActiveCfg = Release|Any CPU
		{8A2D80D7-C920-4110-99C1-13AF45FF87E4}.Release|Any CPU.Build.0 = Release|Any CPU
	EndGlobalSection
	GlobalSection(SolutionProperties) = preSolution
		HideSolutionNode = FALSE
	EndGlobalSection
EndGlobal
